
Microsoft Visual Studio Solution File, Format Version 12.00
# Visual Studio Version 17
VisualStudioVersion = 17.6.33815.320
MinimumVisualStudioVersion = 10.0.40219.1
Project("{FAE04EC0-301F-11D3-BF4B-00C04F79EFBC}") = "Lab3ex2", "Lab3ex2\Lab3ex2.csproj", "{5A5D689B-6148-438F-82B5-D005BF77CAFB}"
EndProject
Global
	GlobalSection(SolutionConfigurationPlatforms) = preSolution
		Debug|Any CPU = Debug|Any CPU
		Release|Any CPU = Release|Any CPU
	EndGlobalSection
	GlobalSection(ProjectConfigurationPlatforms) = postSolution
		{5A5D689B-6148-438F-82B5-D005BF77CAFB}.Debug|Any CPU.ActiveCfg = Debug|Any CPU
		{5A5D689B-6148-438F-82B5-D005BF77CAFB}.Debug|Any CPU.Build.0 = Debug|Any CPU
		{5A5D689B-6148-438F-82B5-D005BF77CAFB}.Release|Any CPU.ActiveCfg = Release|Any CPU
		{5A5D689B-6148-438F-82B5-D005BF77CAFB}.Release|Any CPU.Build.0 = Release|Any CPU
	EndGlobalSection
	GlobalSection(SolutionProperties) = preSolution
		HideSolutionNode = FALSE
	EndGlobalSection
	GlobalSection(ExtensibilityGlobals) = postSolution
		SolutionGuid = {B2A53E4A-2C24-480E-BEA6-69FA21258023}
	EndGlobalSection
EndGlobal
